
Microsoft Visual Studio Solution File, Format Version 12.00
# Visual Studio Version 17
VisualStudioVersion = 17.13.35828.75 d17.13
MinimumVisualStudioVersion = 10.0.40219.1
Project("{FAE04EC0-301F-11D3-BF4B-00C04F79EFBC}") = "ListaEnlazadaS", "ListaEnlazadaS\ListaEnlazadaS.csproj", "{F47D0139-D3ED-4684-A168-AFDF4CABC515}"
EndProject
Global
	GlobalSection(SolutionConfigurationPlatforms) = preSolution
		Debug|Any CPU = Debug|Any CPU
		Release|Any CPU = Release|Any CPU
	EndGlobalSection
	GlobalSection(ProjectConfigurationPlatforms) = postSolution
		{F47D0139-D3ED-4684-A168-AFDF4CABC515}.Debug|Any CPU.ActiveCfg = Debug|Any CPU
		{F47D0139-D3ED-4684-A168-AFDF4CABC515}.Debug|Any CPU.Build.0 = Debug|Any CPU
		{F47D0139-D3ED-4684-A168-AFDF4CABC515}.Release|Any CPU.ActiveCfg = Release|Any CPU
		{F47D0139-D3ED-4684-A168-AFDF4CABC515}.Release|Any CPU.Build.0 = Release|Any CPU
	EndGlobalSection
	GlobalSection(SolutionProperties) = preSolution
		HideSolutionNode = FALSE
	EndGlobalSection
	GlobalSection(ExtensibilityGlobals) = postSolution
		SolutionGuid = {D214A30C-0EB2-467D-974A-AE6A015B1119}
	EndGlobalSection
EndGlobal
